
Microsoft Visual Studio Solution File, Format Version 12.00
# Visual Studio Version 17
VisualStudioVersion = 17.1.32228.430
MinimumVisualStudioVersion = 10.0.40219.1
Project("{FAE04EC0-301F-11D3-BF4B-00C04F79EFBC}") = "Calculadora CSharp", "Calculadora CSharp\Calculadora CSharp.csproj", "{27E8B735-F256-4D8A-AE1E-EB2316816A36}"
EndProject
Global
	GlobalSection(SolutionConfigurationPlatforms) = preSolution
		Debug|Any CPU = Debug|Any CPU
		Release|Any CPU = Release|Any CPU
	EndGlobalSection
	GlobalSection(ProjectConfigurationPlatforms) = postSolution
		{27E8B735-F256-4D8A-AE1E-EB2316816A36}.Debug|Any CPU.ActiveCfg = Debug|Any CPU
		{27E8B735-F256-4D8A-AE1E-EB2316816A36}.Debug|Any CPU.Build.0 = Debug|Any CPU
		{27E8B735-F256-4D8A-AE1E-EB2316816A36}.Release|Any CPU.ActiveCfg = Release|Any CPU
		{27E8B735-F256-4D8A-AE1E-EB2316816A36}.Release|Any CPU.Build.0 = Release|Any CPU
	EndGlobalSection
	GlobalSection(SolutionProperties) = preSolution
		HideSolutionNode = FALSE
	EndGlobalSection
	GlobalSection(ExtensibilityGlobals) = postSolution
		SolutionGuid = {E64ADE73-7BFF-457E-A10F-0CDFC80BE15F}
	EndGlobalSection
EndGlobal
